
Microsoft Visual Studio Solution File, Format Version 12.00
# Visual Studio Version 17
VisualStudioVersion = 17.11.35312.102
MinimumVisualStudioVersion = 10.0.40219.1
Project("{FAE04EC0-301F-11D3-BF4B-00C04F79EFBC}") = "Slac_DataMQ2File", "Slac_DataMQ2CH\Slac_DataMQ2File.csproj", "{FB57E85B-A7BB-468B-B586-944A9D30C748}"
EndProject
Global
	GlobalSection(SolutionConfigurationPlatforms) = preSolution
		Debug|Any CPU = Debug|Any CPU
		Debug|x64 = Debug|x64
		Debug|x86 = Debug|x86
		Release|Any CPU = Release|Any CPU
		Release|x64 = Release|x64
		Release|x86 = Release|x86
	EndGlobalSection
	GlobalSection(ProjectConfigurationPlatforms) = postSolution
		{FB57E85B-A7BB-468B-B586-944A9D30C748}.Debug|Any CPU.ActiveCfg = Debug|Any CPU
		{FB57E85B-A7BB-468B-B586-944A9D30C748}.Debug|Any CPU.Build.0 = Debug|Any CPU
		{FB57E85B-A7BB-468B-B586-944A9D30C748}.Debug|x64.ActiveCfg = Debug|x64
		{FB57E85B-A7BB-468B-B586-944A9D30C748}.Debug|x64.Build.0 = Debug|x64
		{FB57E85B-A7BB-468B-B586-944A9D30C748}.Debug|x86.ActiveCfg = Debug|x86
		{FB57E85B-A7BB-468B-B586-944A9D30C748}.Debug|x86.Build.0 = Debug|x86
		{FB57E85B-A7BB-468B-B586-944A9D30C748}.Release|Any CPU.ActiveCfg = Release|Any CPU
		{FB57E85B-A7BB-468B-B586-944A9D30C748}.Release|Any CPU.Build.0 = Release|Any CPU
		{FB57E85B-A7BB-468B-B586-944A9D30C748}.Release|x64.ActiveCfg = Release|x64
		{FB57E85B-A7BB-468B-B586-944A9D30C748}.Release|x64.Build.0 = Release|x64
		{FB57E85B-A7BB-468B-B586-944A9D30C748}.Release|x86.ActiveCfg = Release|x86
		{FB57E85B-A7BB-468B-B586-944A9D30C748}.Release|x86.Build.0 = Release|x86
	EndGlobalSection
	GlobalSection(SolutionProperties) = preSolution
		HideSolutionNode = FALSE
	EndGlobalSection
	GlobalSection(ExtensibilityGlobals) = postSolution
		SolutionGuid = {DDE805AE-7D37-48DF-8D07-6E6DEF876B77}
	EndGlobalSection
EndGlobal
